{
  "name": "Hayinvest",
  "lockfileVersion": 3,
  "requires": true,
  "packages": {
    "": {
      "dependencies": {
        "@adsgram/react": "^1.0.2"
      }
    },
    "node_modules/@adsgram/common": {
      "version": "1.0.2",
      "resolved": "https://registry.npmjs.org/@adsgram/common/-/common-1.0.2.tgz",
      "integrity": "sha512-lExGFbRhdz/JdqqOc/1c0lU8OQAtTG6Y0WE2hw5hUV0+v+xZXbaWVyKXcCDr3l+KuxbPw7P515a/+CXjsYQuqA=="
    },
    "node_modules/@adsgram/react": {
      "version": "1.0.2",
      "resolved": "https://registry.npmjs.org/@adsgram/react/-/react-1.0.2.tgz",
      "integrity": "sha512-41Ywf5zweIu/cbvyfyQK1DRK6L64wr1+u+F5XAICM2wV4uJa0mnfQ8dCa51JZ9uvde3BTuMqpToU8VomPc6XQQ==",
      "dependencies": {
        "@adsgram/common": "1.0.2"
      },
      "peerDependencies": {
        "react": ">=16.8.0"
      }
    },
    "node_modules/react": {
      "version": "19.1.1",
      "resolved": "https://registry.npmjs.org/react/-/react-19.1.1.tgz",
      "integrity": "sha512-w8nqGImo45dmMIfljjMwOGtbmC/mk4CMYhWIicdSflH91J9TyCyczcPFXJzrZ/ZXcgGRFeP6BU0BEJTw6tZdfQ==",
      "license": "MIT",
      "peer": true,
      "engines": {
        "node": ">=0.10.0"
      }
    }
  }
}
